
Microsoft Visual Studio Solution File, Format Version 12.00
# Visual Studio 2012
Project("{FAE04EC0-301F-11D3-BF4B-00C04F79EFBC}") = "OGCIOCommonLibraryNet35", "OGCIOCommonLibraryNet35\OGCIOCommonLibraryNet35.csproj", "{9551F1F6-8717-4B2F-90B3-E8D42D5698FC}"
EndProject
Project("{FAE04EC0-301F-11D3-BF4B-00C04F79EFBC}") = "Testing", "Testing\Testing.csproj", "{4F79CF78-A265-451B-B4C2-3D2BFCA951A7}"
EndProject
Global
	GlobalSection(SolutionConfigurationPlatforms) = preSolution
		Debug|Any CPU = Debug|Any CPU
		Release|Any CPU = Release|Any CPU
	EndGlobalSection
	GlobalSection(ProjectConfigurationPlatforms) = postSolution
		{9551F1F6-8717-4B2F-90B3-E8D42D5698FC}.Debug|Any CPU.ActiveCfg = Debug|Any CPU
		{9551F1F6-8717-4B2F-90B3-E8D42D5698FC}.Debug|Any CPU.Build.0 = Debug|Any CPU
		{9551F1F6-8717-4B2F-90B3-E8D42D5698FC}.Release|Any CPU.ActiveCfg = Release|Any CPU
		{9551F1F6-8717-4B2F-90B3-E8D42D5698FC}.Release|Any CPU.Build.0 = Release|Any CPU
		{4F79CF78-A265-451B-B4C2-3D2BFCA951A7}.Debug|Any CPU.ActiveCfg = Debug|Any CPU
		{4F79CF78-A265-451B-B4C2-3D2BFCA951A7}.Debug|Any CPU.Build.0 = Debug|Any CPU
		{4F79CF78-A265-451B-B4C2-3D2BFCA951A7}.Release|Any CPU.ActiveCfg = Release|Any CPU
		{4F79CF78-A265-451B-B4C2-3D2BFCA951A7}.Release|Any CPU.Build.0 = Release|Any CPU
	EndGlobalSection
	GlobalSection(SolutionProperties) = preSolution
		HideSolutionNode = FALSE
	EndGlobalSection
EndGlobal
